bundle:
  name: ai-runtime-block

resources:
  jobs:
    train:
      name: "[${bundle.target}] AI Runtime training"
      tasks:
        # code_source block, root_path form: packages ./src exactly like a bare
        # code_source_path (content-addressed tarball under .air_snapshots, uploaded by
        # file sync, code_source_path rewritten to the uploaded workspace path).
        - task_key: train
          environment_key: default
          ai_runtime_task:
            experiment: my-training
            code_source:
              root_path: ./src
            deployments:
              - command_path: src/command.sh
                compute:
                  accelerator_type: GPU_8xH100
                  accelerator_count: 8
      environments:
        - environment_key: default
          spec:
            environment_version: "5"
            dependencies:
              - torch>=2.0.0
